{
  "name": "sshtunnelcmd",
  "version": "1.0.0",
  "lockfileVersion": 1,
  "dependencies": {
    "asn1": {
      "version": "0.2.4",
      "resolved": "https://ironsrc.artifactoryonline.com/ironsrc/api/npm/npm-virtual/asn1/-/asn1-0.2.4.tgz",
      "integrity": "sha1-jSR136tVO7M+d7VOWeiAu4ziMTY=",
      "requires": {
        "safer-buffer": "2.1.2"
      }
    },
    "colors": {
      "version": "1.3.2",
      "resolved": "https://ironsrc.artifactoryonline.com/ironsrc/api/npm/npm-virtual/colors/-/colors-1.3.2.tgz",
      "integrity": "sha1-Lfj/Vz378lWvVi+M5xgda5caNZs="
    },
    "commander": {
      "version": "2.17.1",
      "resolved": "https://ironsrc.artifactoryonline.com/ironsrc/api/npm/npm-virtual/commander/-/commander-2.17.1.tgz",
      "integrity": "sha1-vXerfebelCBc6sxy8XFtKfIKd78="
    },
    "debug": {
      "version": "2.6.9",
      "resolved": "https://ironsrc.artifactoryonline.com/ironsrc/api/npm/npm-virtual/debug/-/debug-2.6.9.tgz",
      "integrity": "sha1-XRKFFd8TT/Mn6QpMk/Tgd6U2NB8=",
      "requires": {
        "ms": "2.0.0"
      }
    },
    "lodash": {
      "version": "4.17.10",
      "resolved": "https://ironsrc.artifactoryonline.com/ironsrc/api/npm/npm-virtual/lodash/-/lodash-4.17.10.tgz",
      "integrity": "sha1-G3eTz3JZ6jj7NmHU04syYK+K5Oc="
    },
    "lodash.defaults": {
      "version": "4.2.0",
      "resolved": "https://ironsrc.artifactoryonline.com/ironsrc/api/npm/npm-virtual/lodash.defaults/-/lodash.defaults-4.2.0.tgz",
      "integrity": "sha1-0JF4cW/+pN3p5ft7N/bwgCJ0WAw="
    },
    "ms": {
      "version": "2.0.0",
      "resolved": "https://ironsrc.artifactoryonline.com/ironsrc/api/npm/npm-virtual/ms/-/ms-2.0.0.tgz",
      "integrity": "sha1-VgiurfwAvmwpAd9fmGF4jeDVl8g="
    },
    "safer-buffer": {
      "version": "2.1.2",
      "resolved": "https://ironsrc.artifactoryonline.com/ironsrc/api/npm/npm-virtual/safer-buffer/-/safer-buffer-2.1.2.tgz",
      "integrity": "sha1-RPoWGwGHuVSd2Eu5GAL5vYOFzWo="
    },
    "semver": {
      "version": "5.5.1",
      "resolved": "https://ironsrc.artifactoryonline.com/ironsrc/api/npm/npm-virtual/semver/-/semver-5.5.1.tgz",
      "integrity": "sha1-ff3YgUvbfKvHvg+x1zTPtmyUBHc="
    },
    "ssh2": {
      "version": "0.5.4",
      "resolved": "https://ironsrc.artifactoryonline.com/ironsrc/api/npm/npm-virtual/ssh2/-/ssh2-0.5.4.tgz",
      "integrity": "sha1-G/a2soyW6u8mf01sRqWiUXpZnic=",
      "requires": {
        "ssh2-streams": "0.1.20"
      }
    },
    "ssh2-streams": {
      "version": "0.1.20",
      "resolved": "https://ironsrc.artifactoryonline.com/ironsrc/api/npm/npm-virtual/ssh2-streams/-/ssh2-streams-0.1.20.tgz",
      "integrity": "sha1-URGNFUVV31Rp7h9n4M8efoosDjo=",
      "requires": {
        "asn1": "0.2.4",
        "semver": "5.5.1",
        "streamsearch": "0.1.2"
      }
    },
    "streamsearch": {
      "version": "0.1.2",
      "resolved": "https://ironsrc.artifactoryonline.com/ironsrc/api/npm/npm-virtual/streamsearch/-/streamsearch-0.1.2.tgz",
      "integrity": "sha1-gIudDlb8Jz2Am6VzOOkpkZoanxo="
    },
    "tunnel-ssh": {
      "version": "4.1.4",
      "resolved": "https://ironsrc.artifactoryonline.com/ironsrc/api/npm/npm-virtual/tunnel-ssh/-/tunnel-ssh-4.1.4.tgz",
      "integrity": "sha1-swH3czxz3OoWFkZrnIe2B/SVi0U=",
      "requires": {
        "debug": "2.6.9",
        "lodash.defaults": "4.2.0",
        "ssh2": "0.5.4"
      }
    }
  }
}
